
Microsoft Visual Studio Solution File, Format Version 12.00
# Visual Studio Version 17
VisualStudioVersion = 17.7.34221.43
MinimumVisualStudioVersion = 10.0.40219.1
Project("{FAE04EC0-301F-11D3-BF4B-00C04F79EFBC}") = "EfCoreInterceptor", "EfCoreInterceptor\EfCoreInterceptor.csproj", "{B0F720A6-EBC3-491E-AF67-C6D2964B73C8}"
EndProject
Global
	GlobalSection(SolutionConfigurationPlatforms) = preSolution
		Debug|Any CPU = Debug|Any CPU
		Release|Any CPU = Release|Any CPU
	EndGlobalSection
	GlobalSection(ProjectConfigurationPlatforms) = postSolution
		{B0F720A6-EBC3-491E-AF67-C6D2964B73C8}.Debug|Any CPU.ActiveCfg = Debug|Any CPU
		{B0F720A6-EBC3-491E-AF67-C6D2964B73C8}.Debug|Any CPU.Build.0 = Debug|Any CPU
		{B0F720A6-EBC3-491E-AF67-C6D2964B73C8}.Release|Any CPU.ActiveCfg = Release|Any CPU
		{B0F720A6-EBC3-491E-AF67-C6D2964B73C8}.Release|Any CPU.Build.0 = Release|Any CPU
	EndGlobalSection
	GlobalSection(SolutionProperties) = preSolution
		HideSolutionNode = FALSE
	EndGlobalSection
	GlobalSection(ExtensibilityGlobals) = postSolution
		SolutionGuid = {4655AEBF-2498-4637-8834-83B93951D8D8}
	EndGlobalSection
EndGlobal
